
Microsoft Visual Studio Solution File, Format Version 12.00
# Visual Studio Version 16
VisualStudioVersion = 16.0.34114.132
MinimumVisualStudioVersion = 10.0.40219.1
Project("{FAE04EC0-301F-11D3-BF4B-00C04F79EFBC}") = "AmlApi", "AmlApi\AmlApi.csproj", "{B53656F5-75F3-4D09-A1A3-CCE0A27E677C}"
EndProject
Project("{FAE04EC0-301F-11D3-BF4B-00C04F79EFBC}") = "Tests", "Tests\Tests.csproj", "{3F737E6D-14DF-4AB5-81CA-AE2E69A2FCFD}"
EndProject
Global
	GlobalSection(SolutionConfigurationPlatforms) = preSolution
		Debug|Any CPU = Debug|Any CPU
		Release|Any CPU = Release|Any CPU
	EndGlobalSection
	GlobalSection(ProjectConfigurationPlatforms) = postSolution
		{B53656F5-75F3-4D09-A1A3-CCE0A27E677C}.Debug|Any CPU.ActiveCfg = Debug|Any CPU
		{B53656F5-75F3-4D09-A1A3-CCE0A27E677C}.Debug|Any CPU.Build.0 = Debug|Any CPU
		{B53656F5-75F3-4D09-A1A3-CCE0A27E677C}.Release|Any CPU.ActiveCfg = Release|Any CPU
		{B53656F5-75F3-4D09-A1A3-CCE0A27E677C}.Release|Any CPU.Build.0 = Release|Any CPU
		{3F737E6D-14DF-4AB5-81CA-AE2E69A2FCFD}.Debug|Any CPU.ActiveCfg = Debug|Any CPU
		{3F737E6D-14DF-4AB5-81CA-AE2E69A2FCFD}.Debug|Any CPU.Build.0 = Debug|Any CPU
		{3F737E6D-14DF-4AB5-81CA-AE2E69A2FCFD}.Release|Any CPU.ActiveCfg = Release|Any CPU
		{3F737E6D-14DF-4AB5-81CA-AE2E69A2FCFD}.Release|Any CPU.Build.0 = Release|Any CPU
	EndGlobalSection
	GlobalSection(SolutionProperties) = preSolution
		HideSolutionNode = FALSE
	EndGlobalSection
	GlobalSection(ExtensibilityGlobals) = postSolution
		SolutionGuid = {4F2EA8A5-3581-49EF-9FA8-9DE6EF03810D}
	EndGlobalSection
EndGlobal
